github.com/pebbe/compactcorpus v1.0.1 h1:7aOH+wWmBXj1Q36YOv7YYIkt5M+r6jng/eMi4Nj30WY=
github.com/pebbe/compactcorpus v1.0.1/go.mod h1:SSpTeCZataCjjs82RJb8SOGdjkB3PlR7Z19EY4rInoQ=
github.com/rug-compling/alpinods v1.16.3 h1:28KB7fB49ODrsa7h9x95GTXyi+1r6VzYe070zVQwdrE=
github.com/rug-compling/alpinods v1.16.3/go.mod h1:R3BBX8RIw9InVqHZ+1W+MsX8WX8uBkoVNNGE38mqF1Q=
